
Microsoft Visual Studio Solution File, Format Version 12.00
# Visual Studio 15
VisualStudioVersion = 15.0.27703.2042
MinimumVisualStudioVersion = 10.0.40219.1
Project("{FAE04EC0-301F-11D3-BF4B-00C04F79EFBC}") = "ATTG Command Plugin", "EventPlugin\ATTG Command Plugin.csproj", "{8C731E0A-5D94-4D34-B971-252802FA8AA9}"
EndProject
Project("{FAE04EC0-301F-11D3-BF4B-00C04F79EFBC}") = "ATTG Item Plugin", "ATTG4\ATTG Item Plugin.csproj", "{78C6D3AC-0715-4020-8AB2-E4F28E3AF105}"
EndProject
Project("{FAE04EC0-301F-11D3-BF4B-00C04F79EFBC}") = "ATTG Test Plugin", "ATTG Log Plugin\ATTG Test Plugin.csproj", "{77A7D65C-96E9-4D9C-B88F-2C79C86B63BF}"
EndProject
Global
	GlobalSection(SolutionConfigurationPlatforms) = preSolution
		Debug|Any CPU = Debug|Any CPU
		Debug|ARM = Debug|ARM
		Debug|x64 = Debug|x64
		Debug|x86 = Debug|x86
		Release|Any CPU = Release|Any CPU
		Release|ARM = Release|ARM
		Release|x64 = Release|x64
		Release|x86 = Release|x86
	EndGlobalSection
	GlobalSection(ProjectConfigurationPlatforms) = postSolution
		{8C731E0A-5D94-4D34-B971-252802FA8AA9}.Debug|Any CPU.ActiveCfg = Debug|Any CPU
		{8C731E0A-5D94-4D34-B971-252802FA8AA9}.Debug|Any CPU.Build.0 = Debug|Any CPU
		{8C731E0A-5D94-4D34-B971-252802FA8AA9}.Debug|ARM.ActiveCfg = Debug|Any CPU
		{8C731E0A-5D94-4D34-B971-252802FA8AA9}.Debug|ARM.Build.0 = Debug|Any CPU
		{8C731E0A-5D94-4D34-B971-252802FA8AA9}.Debug|x64.ActiveCfg = Debug|Any CPU
		{8C731E0A-5D94-4D34-B971-252802FA8AA9}.Debug|x64.Build.0 = Debug|Any CPU
		{8C731E0A-5D94-4D34-B971-252802FA8AA9}.Debug|x86.ActiveCfg = Debug|Any CPU
		{8C731E0A-5D94-4D34-B971-252802FA8AA9}.Debug|x86.Build.0 = Debug|Any CPU
		{8C731E0A-5D94-4D34-B971-252802FA8AA9}.Release|Any CPU.ActiveCfg = Release|Any CPU
		{8C731E0A-5D94-4D34-B971-252802FA8AA9}.Release|Any CPU.Build.0 = Release|Any CPU
		{8C731E0A-5D94-4D34-B971-252802FA8AA9}.Release|ARM.ActiveCfg = Release|Any CPU
		{8C731E0A-5D94-4D34-B971-252802FA8AA9}.Release|ARM.Build.0 = Release|Any CPU
		{8C731E0A-5D94-4D34-B971-252802FA8AA9}.Release|x64.ActiveCfg = Release|Any CPU
		{8C731E0A-5D94-4D34-B971-252802FA8AA9}.Release|x64.Build.0 = Release|Any CPU
		{8C731E0A-5D94-4D34-B971-252802FA8AA9}.Release|x86.ActiveCfg = Release|Any CPU
		{8C731E0A-5D94-4D34-B971-252802FA8AA9}.Release|x86.Build.0 = Release|Any CPU
		{78C6D3AC-0715-4020-8AB2-E4F28E3AF105}.Debug|Any CPU.ActiveCfg = Debug|Any CPU
		{78C6D3AC-0715-4020-8AB2-E4F28E3AF105}.Debug|Any CPU.Build.0 = Debug|Any CPU
		{78C6D3AC-0715-4020-8AB2-E4F28E3AF105}.Debug|ARM.ActiveCfg = Debug|Any CPU
		{78C6D3AC-0715-4020-8AB2-E4F28E3AF105}.Debug|ARM.Build.0 = Debug|Any CPU
		{78C6D3AC-0715-4020-8AB2-E4F28E3AF105}.Debug|x64.ActiveCfg = Debug|Any CPU
		{78C6D3AC-0715-4020-8AB2-E4F28E3AF105}.Debug|x64.Build.0 = Debug|Any CPU
		{78C6D3AC-0715-4020-8AB2-E4F28E3AF105}.Debug|x86.ActiveCfg = Debug|Any CPU
		{78C6D3AC-0715-4020-8AB2-E4F28E3AF105}.Debug|x86.Build.0 = Debug|Any CPU
		{78C6D3AC-0715-4020-8AB2-E4F28E3AF105}.Release|Any CPU.ActiveCfg = Release|Any CPU
		{78C6D3AC-0715-4020-8AB2-E4F28E3AF105}.Release|Any CPU.Build.0 = Release|Any CPU
		{78C6D3AC-0715-4020-8AB2-E4F28E3AF105}.Release|ARM.ActiveCfg = Release|Any CPU
		{78C6D3AC-0715-4020-8AB2-E4F28E3AF105}.Release|ARM.Build.0 = Release|Any CPU
		{78C6D3AC-0715-4020-8AB2-E4F28E3AF105}.Release|x64.ActiveCfg = Release|Any CPU
		{78C6D3AC-0715-4020-8AB2-E4F28E3AF105}.Release|x64.Build.0 = Release|Any CPU
		{78C6D3AC-0715-4020-8AB2-E4F28E3AF105}.Release|x86.ActiveCfg = Release|Any CPU
		{78C6D3AC-0715-4020-8AB2-E4F28E3AF105}.Release|x86.Build.0 = Release|Any CPU
		{77A7D65C-96E9-4D9C-B88F-2C79C86B63BF}.Debug|Any CPU.ActiveCfg = Debug|Any CPU
		{77A7D65C-96E9-4D9C-B88F-2C79C86B63BF}.Debug|Any CPU.Build.0 = Debug|Any CPU
		{77A7D65C-96E9-4D9C-B88F-2C79C86B63BF}.Debug|ARM.ActiveCfg = Debug|Any CPU
		{77A7D65C-96E9-4D9C-B88F-2C79C86B63BF}.Debug|ARM.Build.0 = Debug|Any CPU
		{77A7D65C-96E9-4D9C-B88F-2C79C86B63BF}.Debug|x64.ActiveCfg = Debug|Any CPU
		{77A7D65C-96E9-4D9C-B88F-2C79C86B63BF}.Debug|x64.Build.0 = Debug|Any CPU
		{77A7D65C-96E9-4D9C-B88F-2C79C86B63BF}.Debug|x86.ActiveCfg = Debug|Any CPU
		{77A7D65C-96E9-4D9C-B88F-2C79C86B63BF}.Debug|x86.Build.0 = Debug|Any CPU
		{77A7D65C-96E9-4D9C-B88F-2C79C86B63BF}.Release|Any CPU.ActiveCfg = Release|Any CPU
		{77A7D65C-96E9-4D9C-B88F-2C79C86B63BF}.Release|Any CPU.Build.0 = Release|Any CPU
		{77A7D65C-96E9-4D9C-B88F-2C79C86B63BF}.Release|ARM.ActiveCfg = Release|Any CPU
		{77A7D65C-96E9-4D9C-B88F-2C79C86B63BF}.Release|ARM.Build.0 = Release|Any CPU
		{77A7D65C-96E9-4D9C-B88F-2C79C86B63BF}.Release|x64.ActiveCfg = Release|Any CPU
		{77A7D65C-96E9-4D9C-B88F-2C79C86B63BF}.Release|x64.Build.0 = Release|Any CPU
		{77A7D65C-96E9-4D9C-B88F-2C79C86B63BF}.Release|x86.ActiveCfg = Release|Any CPU
		{77A7D65C-96E9-4D9C-B88F-2C79C86B63BF}.Release|x86.Build.0 = Release|Any CPU
	EndGlobalSection
	GlobalSection(SolutionProperties) = preSolution
		HideSolutionNode = FALSE
	EndGlobalSection
	GlobalSection(ExtensibilityGlobals) = postSolution
		SolutionGuid = {9FE99545-8722-4697-8DE8-32FE4D4B837A}
	EndGlobalSection
EndGlobal
